
Microsoft Visual Studio Solution File, Format Version 12.00
# Visual Studio Version 17
VisualStudioVersion = 17.9.34616.47
MinimumVisualStudioVersion = 10.0.40219.1
Project("{FAE04EC0-301F-11D3-BF4B-00C04F79EFBC}") = "LoginApplication", "LoginApplication.csproj", "{B1ADE14B-0939-4D62-B1A3-5F974ACAB533}"
EndProject
Global
	GlobalSection(SolutionConfigurationPlatforms) = preSolution
		Debug|Any CPU = Debug|Any CPU
		Release|Any CPU = Release|Any CPU
	EndGlobalSection
	GlobalSection(ProjectConfigurationPlatforms) = postSolution
		{B1ADE14B-0939-4D62-B1A3-5F974ACAB533}.Debug|Any CPU.ActiveCfg = Debug|Any CPU
		{B1ADE14B-0939-4D62-B1A3-5F974ACAB533}.Debug|Any CPU.Build.0 = Debug|Any CPU
		{B1ADE14B-0939-4D62-B1A3-5F974ACAB533}.Release|Any CPU.ActiveCfg = Release|Any CPU
		{B1ADE14B-0939-4D62-B1A3-5F974ACAB533}.Release|Any CPU.Build.0 = Release|Any CPU
	EndGlobalSection
	GlobalSection(SolutionProperties) = preSolution
		HideSolutionNode = FALSE
	EndGlobalSection
	GlobalSection(ExtensibilityGlobals) = postSolution
		SolutionGuid = {A70DB20F-A6FB-44C4-B39D-6134C7311A45}
	EndGlobalSection
EndGlobal
